
Microsoft Visual Studio Solution File, Format Version 12.00
# Visual Studio 15
VisualStudioVersion = 15.0.28307.902
MinimumVisualStudioVersion = 10.0.40219.1
Project("{8BC9CEB8-8B4A-11D0-8D11-00A0C91BC942}") = "stroke_cluster", "stroke_cluster.vcxproj", "{07642491-F22C-4361-8B95-144F699C5418}"
EndProject
Global
	GlobalSection(SolutionConfigurationPlatforms) = preSolution
		Debug|x64 = Debug|x64
		Debug|x86 = Debug|x86
		Release|x64 = Release|x64
		Release|x86 = Release|x86
	EndGlobalSection
	GlobalSection(ProjectConfigurationPlatforms) = postSolution
		{07642491-F22C-4361-8B95-144F699C5418}.Debug|x64.ActiveCfg = Debug|x64
		{07642491-F22C-4361-8B95-144F699C5418}.Debug|x64.Build.0 = Debug|x64
		{07642491-F22C-4361-8B95-144F699C5418}.Debug|x86.ActiveCfg = Debug|Win32
		{07642491-F22C-4361-8B95-144F699C5418}.Debug|x86.Build.0 = Debug|Win32
		{07642491-F22C-4361-8B95-144F699C5418}.Release|x64.ActiveCfg = Release|x64
		{07642491-F22C-4361-8B95-144F699C5418}.Release|x64.Build.0 = Release|x64
		{07642491-F22C-4361-8B95-144F699C5418}.Release|x86.ActiveCfg = Release|Win32
		{07642491-F22C-4361-8B95-144F699C5418}.Release|x86.Build.0 = Release|Win32
	EndGlobalSection
	GlobalSection(SolutionProperties) = preSolution
		HideSolutionNode = FALSE
	EndGlobalSection
	GlobalSection(ExtensibilityGlobals) = postSolution
		SolutionGuid = {DEA2AC91-6C20-4997-849C-2E301E185449}
	EndGlobalSection
EndGlobal
