<?xml version="1.0" encoding="utf-8"?>
<Project ToolsVersion="4.0" xmlns="http://schemas.microsoft.com/developer/msbuild/2003">
  <ItemGroup>
    <Filter Include="Source Files">
      <UniqueIdentifier>{4FC737F1-C7A5-4376-A066-2A32D752A2FF}</UniqueIdentifier>
      <Extensions>cpp;c;cc;cxx;def;odl;idl;hpj;bat;asm;asmx</Extensions>
    </Filter>
    <Filter Include="Header Files">
      <UniqueIdentifier>{93995380-89BD-4b04-88EB-625FBE52EBFB}</UniqueIdentifier>
      <Extensions>h;hh;hpp;hxx;hm;inl;inc;xsd</Extensions>
    </Filter>
    <Filter Include="Resource Files">
      <UniqueIdentifier>{67DA6AB6-F800-4c08-8B7A-83BB121AAD01}</UniqueIdentifier>
      <Extensions>rc;ico;cur;bmp;dlg;rc2;rct;bin;rgs;gif;jpg;jpeg;jpe;resx;tiff;tif;png;wav</Extensions>
    </Filter>
    <Filter Include="Header Files\Libraries">
      <UniqueIdentifier>{b63a8d15-fab9-41af-91ff-9d1604dd67a8}</UniqueIdentifier>
    </Filter>
    <Filter Include="Source Files\Libraries">
      <UniqueIdentifier>{90bedd96-d325-47fc-a0d3-dff76cabb979}</UniqueIdentifier>
    </Filter>
  </ItemGroup>
  <ItemGroup>
    <ClCompile Include="stroke_cluster\Main.cpp">
      <Filter>Source Files</Filter>
    </ClCompile>
    <ClCompile Include="stroke_cluster\StrokeCutting.cpp">
      <Filter>Source Files</Filter>
    </ClCompile>
    <ClCompile Include="include\cornucopia\Algorithm.cpp">
      <Filter>Source Files\Libraries</Filter>
    </ClCompile>
    <ClCompile Include="include\cornucopia\Arc.cpp">
      <Filter>Source Files\Libraries</Filter>
    </ClCompile>
    <ClCompile Include="include\cornucopia\Bezier.cpp">
      <Filter>Source Files\Libraries</Filter>
    </ClCompile>
    <ClCompile Include="include\cornucopia\Clothoid.cpp">
      <Filter>Source Files\Libraries</Filter>
    </ClCompile>
    <ClCompile Include="include\cornucopia\ClothoidProjector.cpp">
      <Filter>Source Files\Libraries</Filter>
    </ClCompile>
    <ClCompile Include="include\cornucopia\Combiner.cpp">
      <Filter>Source Files\Libraries</Filter>
    </ClCompile>
    <ClCompile Include="include\cornucopia\CornerDetector.cpp">
      <Filter>Source Files\Libraries</Filter>
    </ClCompile>
    <ClCompile Include="include\cornucopia\CurvePrimitive.cpp">
      <Filter>Source Files\Libraries</Filter>
    </ClCompile>
    <ClCompile Include="include\cornucopia\Debugging.cpp">
      <Filter>Source Files\Libraries</Filter>
    </ClCompile>
    <ClCompile Include="include\cornucopia\ErrorComputer.cpp">
      <Filter>Source Files\Libraries</Filter>
    </ClCompile>
    <ClCompile Include="include\cornucopia\Fitter.cpp">
      <Filter>Source Files\Libraries</Filter>
    </ClCompile>
    <ClCompile Include="include\cornucopia\Fresnel.cpp">
      <Filter>Source Files\Libraries</Filter>
    </ClCompile>
    <ClCompile Include="include\cornucopia\GraphConstructor.cpp">
      <Filter>Source Files\Libraries</Filter>
    </ClCompile>
    <ClCompile Include="include\cornucopia\Line.cpp">
      <Filter>Source Files\Libraries</Filter>
    </ClCompile>
    <ClCompile Include="include\cornucopia\Oversketcher.cpp">
      <Filter>Source Files\Libraries</Filter>
    </ClCompile>
    <ClCompile Include="include\cornucopia\Parameters.cpp">
      <Filter>Source Files\Libraries</Filter>
    </ClCompile>
    <ClCompile Include="include\cornucopia\PathFinder.cpp">
      <Filter>Source Files\Libraries</Filter>
    </ClCompile>
    <ClCompile Include="include\cornucopia\PiecewiseLinearUtils.cpp">
      <Filter>Source Files\Libraries</Filter>
    </ClCompile>
    <ClCompile Include="include\cornucopia\Polyline.cpp">
      <Filter>Source Files\Libraries</Filter>
    </ClCompile>
    <ClCompile Include="include\cornucopia\Preprocessing.cpp">
      <Filter>Source Files\Libraries</Filter>
    </ClCompile>
    <ClCompile Include="include\cornucopia\PrimitiveFitter.cpp">
      <Filter>Source Files\Libraries</Filter>
    </ClCompile>
    <ClCompile Include="include\cornucopia\PrimitiveFitUtils.cpp">
      <Filter>Source Files\Libraries</Filter>
    </ClCompile>
    <ClCompile Include="include\cornucopia\PrimitiveSequence.cpp">
      <Filter>Source Files\Libraries</Filter>
    </ClCompile>
    <ClCompile Include="include\cornucopia\Resampler.cpp">
      <Filter>Source Files\Libraries</Filter>
    </ClCompile>
    <ClCompile Include="include\cornucopia\SimpleAPI.cpp">
      <Filter>Source Files\Libraries</Filter>
    </ClCompile>
    <ClCompile Include="include\cornucopia\Solver.cpp">
      <Filter>Source Files\Libraries</Filter>
    </ClCompile>
    <ClCompile Include="include\cornucopia\TwoCurveCombine.cpp">
      <Filter>Source Files\Libraries</Filter>
    </ClCompile>
    <ClCompile Include="include\glm\detail\glm.cpp">
      <Filter>Source Files\Libraries</Filter>
    </ClCompile>
    <ClCompile Include="stroke_cluster\Cluster.cpp">
      <Filter>Source Files</Filter>
    </ClCompile>
    <ClCompile Include="stroke_cluster\StrokeOrientation.cpp">
      <Filter>Source Files</Filter>
    </ClCompile>
    <ClCompile Include="stroke_cluster\Utils.cpp">
      <Filter>Source Files</Filter>
    </ClCompile>
    <ClCompile Include="stroke_cluster\Parameterization.cpp">
      <Filter>Source Files</Filter>
    </ClCompile>
    <ClCompile Include="stroke_cluster\Context.cpp">
      <Filter>Source Files</Filter>
    </ClCompile>
  </ItemGroup>
  <ItemGroup>
    <ClInclude Include="stroke_cluster\StrokeCutting.h">
      <Filter>Header Files</Filter>
    </ClInclude>
    <ClInclude Include="include\glm\detail\_features.hpp">
      <Filter>Header Files\Libraries</Filter>
    </ClInclude>
    <ClInclude Include="include\glm\detail\_fixes.hpp">
      <Filter>Header Files\Libraries</Filter>
    </ClInclude>
    <ClInclude Include="include\glm\detail\_literals.hpp">
      <Filter>Header Files\Libraries</Filter>
    </ClInclude>
    <ClInclude Include="include\glm\detail\_noise.hpp">
      <Filter>Header Files\Libraries</Filter>
    </ClInclude>
    <ClInclude Include="include\glm\detail\_swizzle.hpp">
      <Filter>Header Files\Libraries</Filter>
    </ClInclude>
    <ClInclude Include="include\glm\detail\_swizzle_func.hpp">
      <Filter>Header Files\Libraries</Filter>
    </ClInclude>
    <ClInclude Include="include\glm\detail\_vectorize.hpp">
      <Filter>Header Files\Libraries</Filter>
    </ClInclude>
    <ClInclude Include="include\andres\graph\adjacency.hxx">
      <Filter>Header Files\Libraries</Filter>
    </ClInclude>
    <ClInclude Include="include\cornucopia\Algorithm.h">
      <Filter>Header Files\Libraries</Filter>
    </ClInclude>
    <ClInclude Include="include\eigen\src\geometry\AlignedBox.h">
      <Filter>Header Files\Libraries</Filter>
    </ClInclude>
    <ClInclude Include="include\eigen\src\eigen2support\geometry\AlignedBox.h">
      <Filter>Header Files\Libraries</Filter>
    </ClInclude>
    <ClInclude Include="include\eigen\src\eigen2support\geometry\All.h">
      <Filter>Header Files\Libraries</Filter>
    </ClInclude>
    <ClInclude Include="include\eigen\src\sparsecore\AmbiVector.h">
      <Filter>Header Files\Libraries</Filter>
    </ClInclude>
    <ClInclude Include="include\eigen\src\orderingmethods\Amd.h">
      <Filter>Header Files\Libraries</Filter>
    </ClInclude>
    <ClInclude Include="include\eigen\src\geometry\AngleAxis.h">
      <Filter>Header Files\Libraries</Filter>
    </ClInclude>
    <ClInclude Include="include\eigen\src\eigen2support\geometry\AngleAxis.h">
      <Filter>Header Files\Libraries</Filter>
    </ClInclude>
    <ClInclude Include="include\cornucopia\AngleUtils.h">
      <Filter>Header Files\Libraries</Filter>
    </ClInclude>
    <ClInclude Include="include\cornucopia\Arc.h">
      <Filter>Header Files\Libraries</Filter>
    </ClInclude>
    <ClInclude Include="include\eigen\src\core\Array.h">
      <Filter>Header Files\Libraries</Filter>
    </ClInclude>
    <ClInclude Include="include\eigen\src\core\ArrayBase.h">
      <Filter>Header Files\Libraries</Filter>
    </ClInclude>
    <ClInclude Include="include\eigen\src\plugins\ArrayCwiseBinaryOps.h">
      <Filter>Header Files\Libraries</Filter>
    </ClInclude>
    <ClInclude Include="include\eigen\src\plugins\ArrayCwiseUnaryOps.h">
      <Filter>Header Files\Libraries</Filter>
    </ClInclude>
    <ClInclude Include="include\eigen\src\core\ArrayWrapper.h">
      <Filter>Header Files\Libraries</Filter>
    </ClInclude>
    <ClInclude Include="include\eigen\src\core\Assign.h">
      <Filter>Header Files\Libraries</Filter>
    </ClInclude>
    <ClInclude Include="include\eigen\src\core\Assign_MKL.h">
      <Filter>Header Files\Libraries</Filter>
    </ClInclude>
    <ClInclude Include="include\glm\gtx\associated_min_max.hpp">
      <Filter>Header Files\Libraries</Filter>
    </ClInclude>
    <ClInclude Include="include\eigen\src\core\BandMatrix.h">
      <Filter>Header Files\Libraries</Filter>
    </ClInclude>
    <ClInclude Include="include\eigen\src\iterativelinearsolvers\BasicPreconditioners.h">
      <Filter>Header Files\Libraries</Filter>
    </ClInclude>
    <ClInclude Include="include\cornucopia\Bezier.h">
      <Filter>Header Files\Libraries</Filter>
    </ClInclude>
    <ClInclude Include="include\andres\graph\bfs.hxx">
      <Filter>Header Files\Libraries</Filter>
    </ClInclude>
    <ClInclude Include="include\eigen\src\iterativelinearsolvers\BiCGSTAB.h">
      <Filter>Header Files\Libraries</Filter>
    </ClInclude>
    <ClInclude Include="include\glm\gtx\bit.hpp">
      <Filter>Header Files\Libraries</Filter>
    </ClInclude>
    <ClInclude Include="include\eigen\src\misc\blas.h">
      <Filter>Header Files\Libraries</Filter>
    </ClInclude>
    <ClInclude Include="include\eigen\src\core\util\BlasUtil.h">
      <Filter>Header Files\Libraries</Filter>
    </ClInclude>
    <ClInclude Include="include\eigen\src\eigen2support\Block.h">
      <Filter>Header Files\Libraries</Filter>
    </ClInclude>
    <ClInclude Include="include\eigen\src\core\Block.h">
      <Filter>Header Files\Libraries</Filter>
    </ClInclude>
    <ClInclude Include="include\eigen\src\householder\BlockHouseholder.h">
      <Filter>Header Files\Libraries</Filter>
    </ClInclude>
    <ClInclude Include="include\eigen\src\plugins\BlockMethods.h">
      <Filter>Header Files\Libraries</Filter>
    </ClInclude>
    <ClInclude Include="include\eigen\src\core\BooleanRedux.h">
      <Filter>Header Files\Libraries</Filter>
    </ClInclude>
    <ClInclude Include="include\andres\graph\bridges.hxx">
      <Filter>Header Files\Libraries</Filter>
    </ClInclude>
    <ClInclude Include="include\eigen\src\cholmodsupport\CholmodSupport.h">
      <Filter>Header Files\Libraries</Filter>
    </ClInclude>
    <ClInclude Include="stroke_cluster\ClosedGroupDetection.h">
      <Filter>Header Files\Libraries</Filter>
    </ClInclude>
    <ClInclude Include="include\glm\gtx\closest_point.hpp">
      <Filter>Header Files\Libraries</Filter>
    </ClInclude>
    <ClInclude Include="include\cornucopia\Clothoid.h">
      <Filter>Header Files\Libraries</Filter>
    </ClInclude>
    <ClInclude Include="include\eigen\src\core\products\CoeffBasedProduct.h">
      <Filter>Header Files\Libraries</Filter>
    </ClInclude>
    <ClInclude Include="include\glm\gtx\color_space.hpp">
      <Filter>Header Files\Libraries</Filter>
    </ClInclude>
    <ClInclude Include="include\glm\gtx\color_space_YCoCg.hpp">
      <Filter>Header Files\Libraries</Filter>
    </ClInclude>
    <ClInclude Include="include\eigen\src\qr\ColPivHouseholderQR.h">
      <Filter>Header Files\Libraries</Filter>
    </ClInclude>
    <ClInclude Include="include\eigen\src\qr\ColPivHouseholderQR_MKL.h">
      <Filter>Header Files\Libraries</Filter>
    </ClInclude>
    <ClInclude Include="include\cornucopia\Combiner.h">
      <Filter>Header Files\Libraries</Filter>
    </ClInclude>
    <ClInclude Include="include\eigen\src\core\CommaInitializer.h">
      <Filter>Header Files\Libraries</Filter>
    </ClInclude>
    <ClInclude Include="include\glm\common.hpp">
      <Filter>Header Files\Libraries</Filter>
    </ClInclude>
    <ClInclude Include="include\eigen\src\plugins\CommonCwiseBinaryOps.h">
      <Filter>Header Files\Libraries</Filter>
    </ClInclude>
    <ClInclude Include="include\eigen\src\plugins\CommonCwiseUnaryOps.h">
      <Filter>Header Files\Libraries</Filter>
    </ClInclude>
    <ClInclude Include="include\glm\gtx\compatibility.hpp">
      <Filter>Header Files\Libraries</Filter>
    </ClInclude>
    <ClInclude Include="include\andres\graph\hdf5\complete-graph.hxx">
      <Filter>Header Files\Libraries</Filter>
    </ClInclude>
    <ClInclude Include="include\andres\graph\complete-graph.hxx">
      <Filter>Header Files\Libraries</Filter>
    </ClInclude>
    <ClInclude Include="include\eigen\src\core\arch\sse\Complex.h">
      <Filter>Header Files\Libraries</Filter>
    </ClInclude>
    <ClInclude Include="include\eigen\src\core\arch\neon\Complex.h">
      <Filter>Header Files\Libraries</Filter>
    </ClInclude>
    <ClInclude Include="include\eigen\src\core\arch\altivec\Complex.h">
      <Filter>Header Files\Libraries</Filter>
    </ClInclude>
    <ClInclude Include="include\eigen\src\eigenvalues\ComplexEigenSolver.h">
      <Filter>Header Files\Libraries</Filter>
    </ClInclude>
    <ClInclude Include="include\eigen\src\eigenvalues\ComplexSchur.h">
      <Filter>Header Files\Libraries</Filter>
    </ClInclude>
    <ClInclude Include="include\eigen\src\eigenvalues\ComplexSchur_MKL.h">
      <Filter>Header Files\Libraries</Filter>
    </ClInclude>
    <ClInclude Include="include\glm\gtx\component_wise.hpp">
      <Filter>Header Files\Libraries</Filter>
    </ClInclude>
    <ClInclude Include="include\andres\graph\components.hxx">
      <Filter>Header Files\Libraries</Filter>
    </ClInclude>
    <ClInclude Include="include\eigen\src\sparsecore\CompressedStorage.h">
      <Filter>Header Files\Libraries</Filter>
    </ClInclude>
    <ClInclude Include="include\eigen\src\iterativelinearsolvers\ConjugateGradient.h">
      <Filter>Header Files\Libraries</Filter>
    </ClInclude>
    <ClInclude Include="include\eigen\src\sparsecore\ConservativeSparseSparseProduct.h">
      <Filter>Header Files\Libraries</Filter>
    </ClInclude>
    <ClInclude Include="include\eigen\src\core\util\Constants.h">
      <Filter>Header Files\Libraries</Filter>
    </ClInclude>
    <ClInclude Include="include\eigen\src\core\CoreIterators.h">
      <Filter>Header Files\Libraries</Filter>
    </ClInclude>
    <ClInclude Include="include\cornucopia\CornerDetector.h">
      <Filter>Header Files\Libraries</Filter>
    </ClInclude>
    <ClInclude Include="include\cornucopia\Cornucopia.h">
      <Filter>Header Files\Libraries</Filter>
    </ClInclude>
    <ClInclude Include="stroke_cluster\CorrelationClustering.h">
      <Filter>Header Files\Libraries</Filter>
    </ClInclude>
    <ClInclude Include="include\cornucopia\Curve.h">
      <Filter>Header Files\Libraries</Filter>
    </ClInclude>
    <ClInclude Include="include\cornucopia\CurvePrimitive.h">
      <Filter>Header Files\Libraries</Filter>
    </ClInclude>
    <ClInclude Include="include\andres\graph\cut-vertices.hxx">
      <Filter>Header Files\Libraries</Filter>
    </ClInclude>
    <ClInclude Include="include\eigen\src\eigen2support\Cwise.h">
      <Filter>Header Files\Libraries</Filter>
    </ClInclude>
    <ClInclude Include="include\eigen\src\core\CwiseBinaryOp.h">
      <Filter>Header Files\Libraries</Filter>
    </ClInclude>
    <ClInclude Include="include\eigen\src\core\CwiseNullaryOp.h">
      <Filter>Header Files\Libraries</Filter>
    </ClInclude>
    <ClInclude Include="include\eigen\src\eigen2support\CwiseOperators.h">
      <Filter>Header Files\Libraries</Filter>
    </ClInclude>
    <ClInclude Include="include\eigen\src\core\CwiseUnaryOp.h">
      <Filter>Header Files\Libraries</Filter>
    </ClInclude>
    <ClInclude Include="include\eigen\src\core\CwiseUnaryView.h">
      <Filter>Header Files\Libraries</Filter>
    </ClInclude>
    <ClInclude Include="include\cornucopia\Debugging.h">
      <Filter>Header Files\Libraries</Filter>
    </ClInclude>
    <ClInclude Include="include\cornucopia\defs.h">
      <Filter>Header Files\Libraries</Filter>
    </ClInclude>
    <ClInclude Include="include\eigen\src\core\DenseBase.h">
      <Filter>Header Files\Libraries</Filter>
    </ClInclude>
    <ClInclude Include="include\eigen\src\core\DenseCoeffsBase.h">
      <Filter>Header Files\Libraries</Filter>
    </ClInclude>
    <ClInclude Include="include\eigen\src\core\DenseStorage.h">
      <Filter>Header Files\Libraries</Filter>
    </ClInclude>
    <ClInclude Include="include\eigen\src\stlsupport\details.h">
      <Filter>Header Files\Libraries</Filter>
    </ClInclude>
    <ClInclude Include="include\eigen\src\lu\Determinant.h">
      <Filter>Header Files\Libraries</Filter>
    </ClInclude>
    <ClInclude Include="include\andres\graph\dfs.hxx">
      <Filter>Header Files\Libraries</Filter>
    </ClInclude>
    <ClInclude Include="include\eigen\src\core\Diagonal.h">
      <Filter>Header Files\Libraries</Filter>
    </ClInclude>
    <ClInclude Include="include\eigen\src\core\DiagonalMatrix.h">
      <Filter>Header Files\Libraries</Filter>
    </ClInclude>
    <ClInclude Include="include\eigen\src\core\DiagonalProduct.h">
      <Filter>Header Files\Libraries</Filter>
    </ClInclude>
    <ClInclude Include="include\andres\graph\hdf5\digraph.hxx">
      <Filter>Header Files\Libraries</Filter>
    </ClInclude>
    <ClInclude Include="include\andres\graph\digraph.hxx">
      <Filter>Header Files\Libraries</Filter>
    </ClInclude>
    <ClInclude Include="include\eigen\src\core\util\DisableStupidWarnings.h">
      <Filter>Header Files\Libraries</Filter>
    </ClInclude>
    <ClInclude Include="include\eigen\src\core\Dot.h">
      <Filter>Header Files\Libraries</Filter>
    </ClInclude>
    <ClInclude Include="include\andres\graph\doxygen.hxx">
      <Filter>Header Files\Libraries</Filter>
    </ClInclude>
    <ClInclude Include="include\glm\gtx\dual_quaternion.hpp">
      <Filter>Header Files\Libraries</Filter>
    </ClInclude>
    <ClInclude Include="include\andres\graph\edge-value.hxx">
      <Filter>Header Files\Libraries</Filter>
    </ClInclude>
    <ClInclude Include="include\edmonds-alg-1.1.2\src\edmonds_optimum_branching.hpp">
      <Filter>Header Files\Libraries</Filter>
    </ClInclude>
    <ClInclude Include="include\edmonds-alg-1.1.2\src\edmonds_optimum_branching_impl.hpp">
      <Filter>Header Files\Libraries</Filter>
    </ClInclude>
    <ClInclude Include="include\eigen\src\orderingmethods\Eigen_Colamd.h">
      <Filter>Header Files\Libraries</Filter>
    </ClInclude>
    <ClInclude Include="include\eigen\src\core\EigenBase.h">
      <Filter>Header Files\Libraries</Filter>
    </ClInclude>
    <ClInclude Include="include\eigen\src\eigenvalues\EigenSolver.h">
      <Filter>Header Files\Libraries</Filter>
    </ClInclude>
    <ClInclude Include="include\glm\gtc\epsilon.hpp">
      <Filter>Header Files\Libraries</Filter>
    </ClInclude>
    <ClInclude Include="include\glm\gtx\epsilon.hpp">
      <Filter>Header Files\Libraries</Filter>
    </ClInclude>
    <ClInclude Include="include\cornucopia\ErrorComputer.h">
      <Filter>Header Files\Libraries</Filter>
    </ClInclude>
    <ClInclude Include="include\glm\gtx\euler_angles.hpp">
      <Filter>Header Files\Libraries</Filter>
    </ClInclude>
    <ClInclude Include="include\eigen\src\geometry\EulerAngles.h">
      <Filter>Header Files\Libraries</Filter>
    </ClInclude>
    <ClInclude Include="include\glm\exponential.hpp">
      <Filter>Header Files\Libraries</Filter>
    </ClInclude>
    <ClInclude Include="include\glm\ext.hpp">
      <Filter>Header Files\Libraries</Filter>
    </ClInclude>
    <ClInclude Include="include\glm\gtx\extend.hpp">
      <Filter>Header Files\Libraries</Filter>
    </ClInclude>
    <ClInclude Include="include\glm\gtx\extented_min_max.hpp">
      <Filter>Header Files\Libraries</Filter>
    </ClInclude>
    <ClInclude Include="include\glm\gtx\fast_exponential.hpp">
      <Filter>Header Files\Libraries</Filter>
    </ClInclude>
    <ClInclude Include="include\glm\gtx\fast_square_root.hpp">
      <Filter>Header Files\Libraries</Filter>
    </ClInclude>
    <ClInclude Include="include\glm\gtx\fast_trigonometry.hpp">
      <Filter>Header Files\Libraries</Filter>
    </ClInclude>
    <ClInclude Include="include\cornucopia\Fitter.h">
      <Filter>Header Files\Libraries</Filter>
    </ClInclude>
    <ClInclude Include="include\eigen\src\core\Flagged.h">
      <Filter>Header Files\Libraries</Filter>
    </ClInclude>
    <ClInclude Include="include\eigen\src\core\ForceAlignedAccess.h">
      <Filter>Header Files\Libraries</Filter>
    </ClInclude>
    <ClInclude Include="include\eigen\src\core\util\ForwardDeclarations.h">
      <Filter>Header Files\Libraries</Filter>
    </ClInclude>
    <ClInclude Include="include\cornucopia\Fresnel.h">
      <Filter>Header Files\Libraries</Filter>
    </ClInclude>
    <ClInclude Include="include\eigen\src\qr\FullPivHouseholderQR.h">
      <Filter>Header Files\Libraries</Filter>
    </ClInclude>
    <ClInclude Include="include\eigen\src\lu\FullPivLU.h">
      <Filter>Header Files\Libraries</Filter>
    </ClInclude>
    <ClInclude Include="include\glm\detail\func_common.hpp">
      <Filter>Header Files\Libraries</Filter>
    </ClInclude>
    <ClInclude Include="include\glm\detail\func_exponential.hpp">
      <Filter>Header Files\Libraries</Filter>
    </ClInclude>
    <ClInclude Include="include\glm\detail\func_geometric.hpp">
      <Filter>Header Files\Libraries</Filter>
    </ClInclude>
    <ClInclude Include="include\glm\detail\func_integer.hpp">
      <Filter>Header Files\Libraries</Filter>
    </ClInclude>
    <ClInclude Include="include\glm\detail\func_matrix.hpp">
      <Filter>Header Files\Libraries</Filter>
    </ClInclude>
    <ClInclude Include="include\glm\detail\func_noise.hpp">
      <Filter>Header Files\Libraries</Filter>
    </ClInclude>
    <ClInclude Include="include\glm\detail\func_packing.hpp">
      <Filter>Header Files\Libraries</Filter>
    </ClInclude>
    <ClInclude Include="include\glm\detail\func_trigonometric.hpp">
      <Filter>Header Files\Libraries</Filter>
    </ClInclude>
    <ClInclude Include="include\glm\detail\func_vector_relational.hpp">
      <Filter>Header Files\Libraries</Filter>
    </ClInclude>
    <ClInclude Include="include\andres\functional.hxx">
      <Filter>Header Files\Libraries</Filter>
    </ClInclude>
    <ClInclude Include="include\eigen\src\core\Functors.h">
      <Filter>Header Files\Libraries</Filter>
    </ClInclude>
    <ClInclude Include="include\eigen\src\core\Fuzzy.h">
      <Filter>Header Files\Libraries</Filter>
    </ClInclude>
    <ClInclude Include="include\glm\fwd.hpp">
      <Filter>Header Files\Libraries</Filter>
    </ClInclude>
    <ClInclude Include="include\eigen\src\core\products\GeneralBlockPanelKernel.h">
      <Filter>Header Files\Libraries</Filter>
    </ClInclude>
    <ClInclude Include="include\eigen\src\eigenvalues\GeneralizedEigenSolver.h">
      <Filter>Header Files\Libraries</Filter>
    </ClInclude>
    <ClInclude Include="include\eigen\src\eigenvalues\GeneralizedSelfAdjointEigenSolver.h">
      <Filter>Header Files\Libraries</Filter>
    </ClInclude>
    <ClInclude Include="include\eigen\src\core\products\GeneralMatrixMatrix.h">
      <Filter>Header Files\Libraries</Filter>
    </ClInclude>
    <ClInclude Include="include\eigen\src\core\products\GeneralMatrixMatrix_MKL.h">
      <Filter>Header Files\Libraries</Filter>
    </ClInclude>
    <ClInclude Include="include\eigen\src\core\products\GeneralMatrixMatrixTriangular.h">
      <Filter>Header Files\Libraries</Filter>
    </ClInclude>
    <ClInclude Include="include\eigen\src\core\products\GeneralMatrixMatrixTriangular_MKL.h">
      <Filter>Header Files\Libraries</Filter>
    </ClInclude>
    <ClInclude Include="include\eigen\src\core\products\GeneralMatrixVector.h">
      <Filter>Header Files\Libraries</Filter>
    </ClInclude>
    <ClInclude Include="include\eigen\src\core\products\GeneralMatrixVector_MKL.h">
      <Filter>Header Files\Libraries</Filter>
    </ClInclude>
    <ClInclude Include="include\eigen\src\core\GeneralProduct.h">
      <Filter>Header Files\Libraries</Filter>
    </ClInclude>
    <ClInclude Include="include\eigen\src\core\GenericPacketMath.h">
      <Filter>Header Files\Libraries</Filter>
    </ClInclude>
    <ClInclude Include="include\glm\geometric.hpp">
      <Filter>Header Files\Libraries</Filter>
    </ClInclude>
    <ClInclude Include="include\eigen\src\geometry\arch\Geometry_SSE.h">
      <Filter>Header Files\Libraries</Filter>
    </ClInclude>
    <ClInclude Include="stroke_cluster\getopt.h">
      <Filter>Header Files\Libraries</Filter>
    </ClInclude>
    <ClInclude Include="include\glm\glm.hpp">
      <Filter>Header Files\Libraries</Filter>
    </ClInclude>
    <ClInclude Include="include\eigen\src\core\GlobalFunctions.h">
      <Filter>Header Files\Libraries</Filter>
    </ClInclude>
    <ClInclude Include="include\gl\glxew.h">
      <Filter>Header Files\Libraries</Filter>
    </ClInclude>
    <ClInclude Include="include\glm\gtx\gradient_paint.hpp">
      <Filter>Header Files\Libraries</Filter>
    </ClInclude>
    <ClInclude Include="include\andres\graph\hdf5\graph.hxx">
      <Filter>Header Files\Libraries</Filter>
    </ClInclude>
    <ClInclude Include="include\andres\graph\detail\graph.hxx">
      <Filter>Header Files\Libraries</Filter>
    </ClInclude>
    <ClInclude Include="include\andres\graph\graph.hxx">
      <Filter>Header Files\Libraries</Filter>
    </ClInclude>
    <ClInclude Include="include\cornucopia\GraphConstructor.h">
      <Filter>Header Files\Libraries</Filter>
    </ClInclude>
    <ClInclude Include="include\andres\graph\multicut-lifted\greedy-additive.hxx">
      <Filter>Header Files\Libraries</Filter>
    </ClInclude>
    <ClInclude Include="include\andres\graph\multicut\greedy-additive.hxx">
      <Filter>Header Files\Libraries</Filter>
    </ClInclude>
    <ClInclude Include="include\andres\graph\multicut\greedy-fixation.hxx">
      <Filter>Header Files\Libraries</Filter>
    </ClInclude>
    <ClInclude Include="include\andres\graph\grid-graph.hxx">
      <Filter>Header Files\Libraries</Filter>
    </ClInclude>
    <ClInclude Include="include\andres\graph\hdf5\grid-graph.hxx">
      <Filter>Header Files\Libraries</Filter>
    </ClInclude>
    <ClInclude Include="include\andres\ilp\gurobi-callback.hxx">
      <Filter>Header Files\Libraries</Filter>
    </ClInclude>
    <ClInclude Include="include\glm\gtx\handed_coordinate_space.hpp">
      <Filter>Header Files\Libraries</Filter>
    </ClInclude>
    <ClInclude Include="include\andres\graph\hdf5\hdf5.hxx">
      <Filter>Header Files\Libraries</Filter>
    </ClInclude>
    <ClInclude Include="include\eigen\src\eigenvalues\HessenbergDecomposition.h">
      <Filter>Header Files\Libraries</Filter>
    </ClInclude>
    <ClInclude Include="include\glm\detail\hint.hpp">
      <Filter>Header Files\Libraries</Filter>
    </ClInclude>
    <ClInclude Include="include\eigen\src\geometry\Homogeneous.h">
      <Filter>Header Files\Libraries</Filter>
    </ClInclude>
    <ClInclude Include="include\eigen\src\householder\Householder.h">
      <Filter>Header Files\Libraries</Filter>
    </ClInclude>
    <ClInclude Include="include\eigen\src\qr\HouseholderQR.h">
      <Filter>Header Files\Libraries</Filter>
    </ClInclude>
    <ClInclude Include="include\eigen\src\qr\HouseholderQR_MKL.h">
      <Filter>Header Files\Libraries</Filter>
    </ClInclude>
    <ClInclude Include="include\eigen\src\householder\HouseholderSequence.h">
      <Filter>Header Files\Libraries</Filter>
    </ClInclude>
    <ClInclude Include="include\eigen\src\eigen2support\geometry\Hyperplane.h">
      <Filter>Header Files\Libraries</Filter>
    </ClInclude>
    <ClInclude Include="include\eigen\src\geometry\Hyperplane.h">
      <Filter>Header Files\Libraries</Filter>
    </ClInclude>
    <ClInclude Include="include\andres\graph\multicut\ilp.hxx">
      <Filter>Header Files\Libraries</Filter>
    </ClInclude>
    <ClInclude Include="include\andres\graph\multicut\ilp-callback.hxx">
      <Filter>Header Files\Libraries</Filter>
    </ClInclude>
    <ClInclude Include="include\eigen\src\misc\Image.h">
      <Filter>Header Files\Libraries</Filter>
    </ClInclude>
    <ClInclude Include="include\eigen\src\iterativelinearsolvers\IncompleteLUT.h">
      <Filter>Header Files\Libraries</Filter>
    </ClInclude>
    <ClInclude Include="include\glm\gtx\inertia.hpp">
      <Filter>Header Files\Libraries</Filter>
    </ClInclude>
    <ClInclude Include="include\glm\gtx\int_10_10_10_2.hpp">
      <Filter>Header Files\Libraries</Filter>
    </ClInclude>
    <ClInclude Include="include\glm\integer.hpp">
      <Filter>Header Files\Libraries</Filter>
    </ClInclude>
    <ClInclude Include="include\glm\gtx\integer.hpp">
      <Filter>Header Files\Libraries</Filter>
    </ClInclude>
    <ClInclude Include="include\glm\gtx\intersect.hpp">
      <Filter>Header Files\Libraries</Filter>
    </ClInclude>
    <ClInclude Include="include\glm\detail\intrinsic_common.hpp">
      <Filter>Header Files\Libraries</Filter>
    </ClInclude>
    <ClInclude Include="include\glm\detail\intrinsic_exponential.hpp">
      <Filter>Header Files\Libraries</Filter>
    </ClInclude>
    <ClInclude Include="include\glm\detail\intrinsic_geometric.hpp">
      <Filter>Header Files\Libraries</Filter>
    </ClInclude>
    <ClInclude Include="include\glm\detail\intrinsic_integer.hpp">
      <Filter>Header Files\Libraries</Filter>
    </ClInclude>
    <ClInclude Include="include\glm\detail\intrinsic_matrix.hpp">
      <Filter>Header Files\Libraries</Filter>
    </ClInclude>
    <ClInclude Include="include\glm\detail\intrinsic_trigonometric.hpp">
      <Filter>Header Files\Libraries</Filter>
    </ClInclude>
    <ClInclude Include="include\glm\detail\intrinsic_vector_relational.hpp">
      <Filter>Header Files\Libraries</Filter>
    </ClInclude>
    <ClInclude Include="include\eigen\src\lu\Inverse.h">
      <Filter>Header Files\Libraries</Filter>
    </ClInclude>
    <ClInclude Include="include\eigen\src\lu\arch\Inverse_SSE.h">
      <Filter>Header Files\Libraries</Filter>
    </ClInclude>
    <ClInclude Include="include\eigen\src\core\IO.h">
      <Filter>Header Files\Libraries</Filter>
    </ClInclude>
    <ClInclude Include="include\glm\gtx\io.hpp">
      <Filter>Header Files\Libraries</Filter>
    </ClInclude>
    <ClInclude Include="include\eigen\src\iterativelinearsolvers\IterativeSolverBase.h">
      <Filter>Header Files\Libraries</Filter>
    </ClInclude>
    <ClInclude Include="include\eigen\src\jacobi\Jacobi.h">
      <Filter>Header Files\Libraries</Filter>
    </ClInclude>
    <ClInclude Include="include\eigen\src\svd\JacobiSVD.h">
      <Filter>Header Files\Libraries</Filter>
    </ClInclude>
    <ClInclude Include="include\eigen\src\svd\JacobiSVD_MKL.h">
      <Filter>Header Files\Libraries</Filter>
    </ClInclude>
    <ClInclude Include="include\eigen\src\misc\Kernel.h">
      <Filter>Header Files\Libraries</Filter>
    </ClInclude>
    <ClInclude Include="include\andres\graph\twocut\kernighan-lin.hxx">
      <Filter>Header Files\Libraries</Filter>
    </ClInclude>
    <ClInclude Include="include\andres\graph\multicut-lifted\kernighan-lin.hxx">
      <Filter>Header Files\Libraries</Filter>
    </ClInclude>
    <ClInclude Include="include\andres\graph\twocut-lifted\kernighan-lin.hxx">
      <Filter>Header Files\Libraries</Filter>
    </ClInclude>
    <ClInclude Include="include\andres\graph\multicut\kernighan-lin.hxx">
      <Filter>Header Files\Libraries</Filter>
    </ClInclude>
    <ClInclude Include="include\eigen\src\eigen2support\Lazy.h">
      <Filter>Header Files\Libraries</Filter>
    </ClInclude>
    <ClInclude Include="include\eigen\src\cholesky\LDLT.h">
      <Filter>Header Files\Libraries</Filter>
    </ClInclude>
    <ClInclude Include="include\eigen\src\eigen2support\LeastSquares.h">
      <Filter>Header Files\Libraries</Filter>
    </ClInclude>
    <ClInclude Include="include\andres\graph\lifting.hxx">
      <Filter>Header Files\Libraries</Filter>
    </ClInclude>
    <ClInclude Include="include\cornucopia\Line.h">
      <Filter>Header Files\Libraries</Filter>
    </ClInclude>
    <ClInclude Include="include\eigen\src\cholesky\LLT.h">
      <Filter>Header Files\Libraries</Filter>
    </ClInclude>
    <ClInclude Include="include\eigen\src\cholesky\LLT_MKL.h">
      <Filter>Header Files\Libraries</Filter>
    </ClInclude>
    <ClInclude Include="include\glm\gtx\log_base.hpp">
      <Filter>Header Files\Libraries</Filter>
    </ClInclude>
    <ClInclude Include="include\andres\graph\multicut\lp.hxx">
      <Filter>Header Files\Libraries</Filter>
    </ClInclude>
    <ClInclude Include="include\eigen\src\eigen2support\LU.h">
      <Filter>Header Files\Libraries</Filter>
    </ClInclude>
    <ClInclude Include="include\eigen\src\eigen2support\Macros.h">
      <Filter>Header Files\Libraries</Filter>
    </ClInclude>
    <ClInclude Include="include\eigen\src\core\util\Macros.h">
      <Filter>Header Files\Libraries</Filter>
    </ClInclude>
    <ClInclude Include="include\eigen\src\core\Map.h">
      <Filter>Header Files\Libraries</Filter>
    </ClInclude>
    <ClInclude Include="include\eigen\src\core\MapBase.h">
      <Filter>Header Files\Libraries</Filter>
    </ClInclude>
    <ClInclude Include="include\eigen\src\sparsecore\MappedSparseMatrix.h">
      <Filter>Header Files\Libraries</Filter>
    </ClInclude>
    <ClInclude Include="include\glm\mat2x2.hpp">
      <Filter>Header Files\Libraries</Filter>
    </ClInclude>
    <ClInclude Include="include\glm\mat2x3.hpp">
      <Filter>Header Files\Libraries</Filter>
    </ClInclude>
    <ClInclude Include="include\glm\mat2x4.hpp">
      <Filter>Header Files\Libraries</Filter>
    </ClInclude>
    <ClInclude Include="include\glm\mat3x2.hpp">
      <Filter>Header Files\Libraries</Filter>
    </ClInclude>
    <ClInclude Include="include\glm\mat3x3.hpp">
      <Filter>Header Files\Libraries</Filter>
    </ClInclude>
    <ClInclude Include="include\glm\mat3x4.hpp">
      <Filter>Header Files\Libraries</Filter>
    </ClInclude>
    <ClInclude Include="include\glm\mat4x2.hpp">
      <Filter>Header Files\Libraries</Filter>
    </ClInclude>
    <ClInclude Include="include\glm\mat4x3.hpp">
      <Filter>Header Files\Libraries</Filter>
    </ClInclude>
    <ClInclude Include="include\glm\mat4x4.hpp">
      <Filter>Header Files\Libraries</Filter>
    </ClInclude>
    <ClInclude Include="include\eigen\src\eigen2support\MathFunctions.h">
      <Filter>Header Files\Libraries</Filter>
    </ClInclude>
    <ClInclude Include="include\eigen\src\core\arch\sse\MathFunctions.h">
      <Filter>Header Files\Libraries</Filter>
    </ClInclude>
    <ClInclude Include="include\eigen\src\core\MathFunctions.h">
      <Filter>Header Files\Libraries</Filter>
    </ClInclude>
    <ClInclude Include="include\eigen\src\core\Matrix.h">
      <Filter>Header Files\Libraries</Filter>
    </ClInclude>
    <ClInclude Include="include\glm\matrix.hpp">
      <Filter>Header Files\Libraries</Filter>
    </ClInclude>
    <ClInclude Include="include\glm\gtc\matrix_access.hpp">
      <Filter>Header Files\Libraries</Filter>
    </ClInclude>
    <ClInclude Include="include\glm\gtx\matrix_cross_product.hpp">
      <Filter>Header Files\Libraries</Filter>
    </ClInclude>
    <ClInclude Include="include\glm\gtc\matrix_integer.hpp">
      <Filter>Header Files\Libraries</Filter>
    </ClInclude>
    <ClInclude Include="include\glm\gtx\matrix_interpolation.hpp">
      <Filter>Header Files\Libraries</Filter>
    </ClInclude>
    <ClInclude Include="include\glm\gtc\matrix_inverse.hpp">
      <Filter>Header Files\Libraries</Filter>
    </ClInclude>
    <ClInclude Include="include\glm\gtx\matrix_major_storage.hpp">
      <Filter>Header Files\Libraries</Filter>
    </ClInclude>
    <ClInclude Include="include\glm\gtx\matrix_operation.hpp">
      <Filter>Header Files\Libraries</Filter>
    </ClInclude>
    <ClInclude Include="include\glm\gtx\matrix_query.hpp">
      <Filter>Header Files\Libraries</Filter>
    </ClInclude>
    <ClInclude Include="include\glm\gtc\matrix_transform.hpp">
      <Filter>Header Files\Libraries</Filter>
    </ClInclude>
    <ClInclude Include="include\glm\gtx\matrix_transform_2d.hpp">
      <Filter>Header Files\Libraries</Filter>
    </ClInclude>
    <ClInclude Include="include\eigen\src\core\MatrixBase.h">
      <Filter>Header Files\Libraries</Filter>
    </ClInclude>
    <ClInclude Include="include\eigen\src\eigenvalues\MatrixBaseEigenvalues.h">
      <Filter>Header Files\Libraries</Filter>
    </ClInclude>
    <ClInclude Include="include\eigen\src\plugins\MatrixCwiseBinaryOps.h">
      <Filter>Header Files\Libraries</Filter>
    </ClInclude>
    <ClInclude Include="include\eigen\src\plugins\MatrixCwiseUnaryOps.h">
      <Filter>Header Files\Libraries</Filter>
    </ClInclude>
    <ClInclude Include="include\andres\graph\max-flow.hxx">
      <Filter>Header Files\Libraries</Filter>
    </ClInclude>
    <ClInclude Include="include\eigen\src\eigen2support\Memory.h">
      <Filter>Header Files\Libraries</Filter>
    </ClInclude>
    <ClInclude Include="include\eigen\src\core\util\Memory.h">
      <Filter>Header Files\Libraries</Filter>
    </ClInclude>
    <ClInclude Include="include\eigen\src\core\util\Meta.h">
      <Filter>Header Files\Libraries</Filter>
    </ClInclude>
    <ClInclude Include="include\eigen\src\eigen2support\Meta.h">
      <Filter>Header Files\Libraries</Filter>
    </ClInclude>
    <ClInclude Include="include\eigen\src\metissupport\MetisSupport.h">
      <Filter>Header Files\Libraries</Filter>
    </ClInclude>
    <ClInclude Include="include\andres\graph\minimum-spanning-tree.hxx">
      <Filter>Header Files\Libraries</Filter>
    </ClInclude>
    <ClInclude Include="include\eigen\src\eigen2support\Minor.h">
      <Filter>Header Files\Libraries</Filter>
    </ClInclude>
    <ClInclude Include="include\glm\gtx\mixed_product.hpp">
      <Filter>Header Files\Libraries</Filter>
    </ClInclude>
    <ClInclude Include="include\eigen\src\core\util\MKL_support.h">
      <Filter>Header Files\Libraries</Filter>
    </ClInclude>
    <ClInclude Include="include\glm\gtx\multiple.hpp">
      <Filter>Header Files\Libraries</Filter>
    </ClInclude>
    <ClInclude Include="include\eigen\src\core\NestByValue.h">
      <Filter>Header Files\Libraries</Filter>
    </ClInclude>
    <ClInclude Include="include\nlopt\nlopt.h">
      <Filter>Header Files\Libraries</Filter>
    </ClInclude>
    <ClInclude Include="include\nlopt\nlopt.hpp">
      <Filter>Header Files\Libraries</Filter>
    </ClInclude>
    <ClInclude Include="include\eigen\src\core\NoAlias.h">
      <Filter>Header Files\Libraries</Filter>
    </ClInclude>
    <ClInclude Include="include\glm\gtc\noise.hpp">
      <Filter>Header Files\Libraries</Filter>
    </ClInclude>
    <ClInclude Include="include\glm\gtx\noise.hpp">
      <Filter>Header Files\Libraries</Filter>
    </ClInclude>
    <ClInclude Include="include\eigen\src\core\util\NonMPL2.h">
      <Filter>Header Files\Libraries</Filter>
    </ClInclude>
    <ClInclude Include="include\glm\gtx\norm.hpp">
      <Filter>Header Files\Libraries</Filter>
    </ClInclude>
    <ClInclude Include="include\glm\gtx\normal.hpp">
      <Filter>Header Files\Libraries</Filter>
    </ClInclude>
    <ClInclude Include="include\glm\gtx\normalize_dot.hpp">
      <Filter>Header Files\Libraries</Filter>
    </ClInclude>
    <ClInclude Include="include\glm\gtx\number_precision.hpp">
      <Filter>Header Files\Libraries</Filter>
    </ClInclude>
    <ClInclude Include="include\eigen\src\core\NumTraits.h">
      <Filter>Header Files\Libraries</Filter>
    </ClInclude>
    <ClInclude Include="include\glm\gtx\optimum_pow.hpp">
      <Filter>Header Files\Libraries</Filter>
    </ClInclude>
    <ClInclude Include="include\eigen\src\orderingmethods\Ordering.h">
      <Filter>Header Files\Libraries</Filter>
    </ClInclude>
    <ClInclude Include="include\eigen\src\geometry\OrthoMethods.h">
      <Filter>Header Files\Libraries</Filter>
    </ClInclude>
    <ClInclude Include="include\glm\gtx\orthonormalize.hpp">
      <Filter>Header Files\Libraries</Filter>
    </ClInclude>
    <ClInclude Include="include\cornucopia\Oversketcher.h">
      <Filter>Header Files\Libraries</Filter>
    </ClInclude>
    <ClInclude Include="include\eigen\src\core\arch\neon\PacketMath.h">
      <Filter>Header Files\Libraries</Filter>
    </ClInclude>
    <ClInclude Include="include\eigen\src\core\arch\sse\PacketMath.h">
      <Filter>Header Files\Libraries</Filter>
    </ClInclude>
    <ClInclude Include="include\eigen\src\core\arch\altivec\PacketMath.h">
      <Filter>Header Files\Libraries</Filter>
    </ClInclude>
    <ClInclude Include="include\glm\packing.hpp">
      <Filter>Header Files\Libraries</Filter>
    </ClInclude>
    <ClInclude Include="include\glm\gtc\packing.hpp">
      <Filter>Header Files\Libraries</Filter>
    </ClInclude>
    <ClInclude Include="include\eigen\src\core\products\Parallelizer.h">
      <Filter>Header Files\Libraries</Filter>
    </ClInclude>
    <ClInclude Include="include\cornucopia\Parameters.h">
      <Filter>Header Files\Libraries</Filter>
    </ClInclude>
    <ClInclude Include="include\eigen\src\geometry\ParametrizedLine.h">
      <Filter>Header Files\Libraries</Filter>
    </ClInclude>
    <ClInclude Include="include\eigen\src\eigen2support\geometry\ParametrizedLine.h">
      <Filter>Header Files\Libraries</Filter>
    </ClInclude>
    <ClInclude Include="include\eigen\src\pardisosupport\PardisoSupport.h">
      <Filter>Header Files\Libraries</Filter>
    </ClInclude>
    <ClInclude Include="include\eigen\src\lu\PartialPivLU.h">
      <Filter>Header Files\Libraries</Filter>
    </ClInclude>
    <ClInclude Include="include\eigen\src\lu\PartialPivLU_MKL.h">
      <Filter>Header Files\Libraries</Filter>
    </ClInclude>
    <ClInclude Include="include\andres\partition.hxx">
      <Filter>Header Files\Libraries</Filter>
    </ClInclude>
    <ClInclude Include="include\eigen\src\pastixsupport\PaStiXSupport.h">
      <Filter>Header Files\Libraries</Filter>
    </ClInclude>
    <ClInclude Include="include\cornucopia\PathFinder.h">
      <Filter>Header Files\Libraries</Filter>
    </ClInclude>
    <ClInclude Include="include\andres\graph\paths.hxx">
      <Filter>Header Files\Libraries</Filter>
    </ClInclude>
    <ClInclude Include="include\eigen\src\core\PermutationMatrix.h">
      <Filter>Header Files\Libraries</Filter>
    </ClInclude>
    <ClInclude Include="include\glm\gtx\perpendicular.hpp">
      <Filter>Header Files\Libraries</Filter>
    </ClInclude>
    <ClInclude Include="include\cornucopia\PiecewiseLinearUtils.h">
      <Filter>Header Files\Libraries</Filter>
    </ClInclude>
    <ClInclude Include="include\eigen\src\core\PlainObjectBase.h">
      <Filter>Header Files\Libraries</Filter>
    </ClInclude>
    <ClInclude Include="include\glm\gtx\polar_coordinates.hpp">
      <Filter>Header Files\Libraries</Filter>
    </ClInclude>
    <ClInclude Include="include\cornucopia\Polyline.h">
      <Filter>Header Files\Libraries</Filter>
    </ClInclude>
    <ClInclude Include="stroke_cluster\Polyline2D.h">
      <Filter>Header Files\Libraries</Filter>
    </ClInclude>
    <ClInclude Include="include\glm\detail\precision.hpp">
      <Filter>Header Files\Libraries</Filter>
    </ClInclude>
    <ClInclude Include="include\cornucopia\Preprocessing.h">
      <Filter>Header Files\Libraries</Filter>
    </ClInclude>
    <ClInclude Include="include\cornucopia\PrimitiveFitter.h">
      <Filter>Header Files\Libraries</Filter>
    </ClInclude>
    <ClInclude Include="include\cornucopia\PrimitiveFitUtils.h">
      <Filter>Header Files\Libraries</Filter>
    </ClInclude>
    <ClInclude Include="include\cornucopia\PrimitiveSequence.h">
      <Filter>Header Files\Libraries</Filter>
    </ClInclude>
    <ClInclude Include="include\eigen\src\core\ProductBase.h">
      <Filter>Header Files\Libraries</Filter>
    </ClInclude>
    <ClInclude Include="include\glm\gtx\projection.hpp">
      <Filter>Header Files\Libraries</Filter>
    </ClInclude>
    <ClInclude Include="include\eigen\src\eigen2support\QR.h">
      <Filter>Header Files\Libraries</Filter>
    </ClInclude>
    <ClInclude Include="include\eigen\src\eigen2support\geometry\Quaternion.h">
      <Filter>Header Files\Libraries</Filter>
    </ClInclude>
    <ClInclude Include="include\eigen\src\geometry\Quaternion.h">
      <Filter>Header Files\Libraries</Filter>
    </ClInclude>
    <ClInclude Include="include\glm\gtx\quaternion.hpp">
      <Filter>Header Files\Libraries</Filter>
    </ClInclude>
    <ClInclude Include="include\glm\gtc\quaternion.hpp">
      <Filter>Header Files\Libraries</Filter>
    </ClInclude>
    <ClInclude Include="include\eigen\src\core\Random.h">
      <Filter>Header Files\Libraries</Filter>
    </ClInclude>
    <ClInclude Include="include\glm\gtc\random.hpp">
      <Filter>Header Files\Libraries</Filter>
    </ClInclude>
    <ClInclude Include="include\glm\gtx\random.hpp">
      <Filter>Header Files\Libraries</Filter>
    </ClInclude>
    <ClInclude Include="include\andres\random-access-set.hxx">
      <Filter>Header Files\Libraries</Filter>
    </ClInclude>
    <ClInclude Include="include\glm\gtx\raw_data.hpp">
      <Filter>Header Files\Libraries</Filter>
    </ClInclude>
    <ClInclude Include="include\eigen\src\eigenvalues\RealQZ.h">
      <Filter>Header Files\Libraries</Filter>
    </ClInclude>
    <ClInclude Include="include\eigen\src\eigenvalues\RealSchur.h">
      <Filter>Header Files\Libraries</Filter>
    </ClInclude>
    <ClInclude Include="include\eigen\src\eigenvalues\RealSchur_MKL.h">
      <Filter>Header Files\Libraries</Filter>
    </ClInclude>
    <ClInclude Include="include\glm\gtx\reciprocal.hpp">
      <Filter>Header Files\Libraries</Filter>
    </ClInclude>
    <ClInclude Include="include\glm\gtc\reciprocal.hpp">
      <Filter>Header Files\Libraries</Filter>
    </ClInclude>
    <ClInclude Include="include\eigen\src\core\Redux.h">
      <Filter>Header Files\Libraries</Filter>
    </ClInclude>
    <ClInclude Include="include\eigen\src\core\util\ReenableStupidWarnings.h">
      <Filter>Header Files\Libraries</Filter>
    </ClInclude>
    <ClInclude Include="include\eigen\src\core\Ref.h">
      <Filter>Header Files\Libraries</Filter>
    </ClInclude>
    <ClInclude Include="stroke_cluster\RegularizedTangentFitting.h">
      <Filter>Header Files\Libraries</Filter>
    </ClInclude>
    <ClInclude Include="include\eigen\src\core\Replicate.h">
      <Filter>Header Files\Libraries</Filter>
    </ClInclude>
    <ClInclude Include="include\cornucopia\Resampler.h">
      <Filter>Header Files\Libraries</Filter>
    </ClInclude>
    <ClInclude Include="include\eigen\src\core\ReturnByValue.h">
      <Filter>Header Files\Libraries</Filter>
    </ClInclude>
    <ClInclude Include="include\eigen\src\core\Reverse.h">
      <Filter>Header Files\Libraries</Filter>
    </ClInclude>
    <ClInclude Include="include\glm\gtx\rotate_normalized_axis.hpp">
      <Filter>Header Files\Libraries</Filter>
    </ClInclude>
    <ClInclude Include="include\glm\gtx\rotate_vector.hpp">
      <Filter>Header Files\Libraries</Filter>
    </ClInclude>
    <ClInclude Include="include\eigen\src\eigen2support\geometry\Rotation2D.h">
      <Filter>Header Files\Libraries</Filter>
    </ClInclude>
    <ClInclude Include="include\eigen\src\geometry\Rotation2D.h">
      <Filter>Header Files\Libraries</Filter>
    </ClInclude>
    <ClInclude Include="include\eigen\src\geometry\RotationBase.h">
      <Filter>Header Files\Libraries</Filter>
    </ClInclude>
    <ClInclude Include="include\eigen\src\eigen2support\geometry\RotationBase.h">
      <Filter>Header Files\Libraries</Filter>
    </ClInclude>
    <ClInclude Include="include\glm\gtx\scalar_relational.hpp">
      <Filter>Header Files\Libraries</Filter>
    </ClInclude>
    <ClInclude Include="include\eigen\src\geometry\Scaling.h">
      <Filter>Header Files\Libraries</Filter>
    </ClInclude>
    <ClInclude Include="include\eigen\src\eigen2support\geometry\Scaling.h">
      <Filter>Header Files\Libraries</Filter>
    </ClInclude>
    <ClInclude Include="include\eigen\src\core\Select.h">
      <Filter>Header Files\Libraries</Filter>
    </ClInclude>
    <ClInclude Include="include\eigen\src\eigenvalues\SelfAdjointEigenSolver.h">
      <Filter>Header Files\Libraries</Filter>
    </ClInclude>
    <ClInclude Include="include\eigen\src\eigenvalues\SelfAdjointEigenSolver_MKL.h">
      <Filter>Header Files\Libraries</Filter>
    </ClInclude>
    <ClInclude Include="include\eigen\src\core\products\SelfadjointMatrixMatrix.h">
      <Filter>Header Files\Libraries</Filter>
    </ClInclude>
    <ClInclude Include="include\eigen\src\core\products\SelfadjointMatrixMatrix_MKL.h">
      <Filter>Header Files\Libraries</Filter>
    </ClInclude>
    <ClInclude Include="include\eigen\src\core\products\SelfadjointMatrixVector.h">
      <Filter>Header Files\Libraries</Filter>
    </ClInclude>
    <ClInclude Include="include\eigen\src\core\products\SelfadjointMatrixVector_MKL.h">
      <Filter>Header Files\Libraries</Filter>
    </ClInclude>
    <ClInclude Include="include\eigen\src\core\products\SelfadjointProduct.h">
      <Filter>Header Files\Libraries</Filter>
    </ClInclude>
    <ClInclude Include="include\eigen\src\core\products\SelfadjointRank2Update.h">
      <Filter>Header Files\Libraries</Filter>
    </ClInclude>
    <ClInclude Include="include\eigen\src\core\SelfAdjointView.h">
      <Filter>Header Files\Libraries</Filter>
    </ClInclude>
    <ClInclude Include="include\eigen\src\core\SelfCwiseBinaryOp.h">
      <Filter>Header Files\Libraries</Filter>
    </ClInclude>
    <ClInclude Include="include\eigen\src\core\arch\default\Settings.h">
      <Filter>Header Files\Libraries</Filter>
    </ClInclude>
    <ClInclude Include="include\glm\detail\setup.hpp">
      <Filter>Header Files\Libraries</Filter>
    </ClInclude>
    <ClInclude Include="include\andres\graph\shortest-paths.hxx">
      <Filter>Header Files\Libraries</Filter>
    </ClInclude>
    <ClInclude Include="include\glm\gtx\simd_mat4.hpp">
      <Filter>Header Files\Libraries</Filter>
    </ClInclude>
    <ClInclude Include="include\glm\gtx\simd_quat.hpp">
      <Filter>Header Files\Libraries</Filter>
    </ClInclude>
    <ClInclude Include="include\glm\gtx\simd_vec4.hpp">
      <Filter>Header Files\Libraries</Filter>
    </ClInclude>
    <ClInclude Include="include\cornucopia\SimpleAPI.h">
      <Filter>Header Files\Libraries</Filter>
    </ClInclude>
    <ClInclude Include="include\eigen\src\sparsecholesky\SimplicialCholesky.h">
      <Filter>Header Files\Libraries</Filter>
    </ClInclude>
    <ClInclude Include="include\eigen\src\sparsecholesky\SimplicialCholesky_impl.h">
      <Filter>Header Files\Libraries</Filter>
    </ClInclude>
    <ClInclude Include="include\cornucopia\smart_ptr.h">
      <Filter>Header Files\Libraries</Filter>
    </ClInclude>
    <ClInclude Include="include\eigen\src\misc\Solve.h">
      <Filter>Header Files\Libraries</Filter>
    </ClInclude>
    <ClInclude Include="include\cornucopia\Solver.h">
      <Filter>Header Files\Libraries</Filter>
    </ClInclude>
    <ClInclude Include="include\eigen\src\core\SolveTriangular.h">
      <Filter>Header Files\Libraries</Filter>
    </ClInclude>
    <ClInclude Include="include\eigen\src\sparsecore\SparseBlock.h">
      <Filter>Header Files\Libraries</Filter>
    </ClInclude>
    <ClInclude Include="include\eigen\src\sparsecore\SparseColEtree.h">
      <Filter>Header Files\Libraries</Filter>
    </ClInclude>
    <ClInclude Include="include\eigen\src\sparsecore\SparseCwiseBinaryOp.h">
      <Filter>Header Files\Libraries</Filter>
    </ClInclude>
    <ClInclude Include="include\eigen\src\sparsecore\SparseCwiseUnaryOp.h">
      <Filter>Header Files\Libraries</Filter>
    </ClInclude>
    <ClInclude Include="include\eigen\src\sparsecore\SparseDenseProduct.h">
      <Filter>Header Files\Libraries</Filter>
    </ClInclude>
    <ClInclude Include="include\eigen\src\sparsecore\SparseDiagonalProduct.h">
      <Filter>Header Files\Libraries</Filter>
    </ClInclude>
    <ClInclude Include="include\eigen\src\sparsecore\SparseDot.h">
      <Filter>Header Files\Libraries</Filter>
    </ClInclude>
    <ClInclude Include="include\eigen\src\sparsecore\SparseFuzzy.h">
      <Filter>Header Files\Libraries</Filter>
    </ClInclude>
    <ClInclude Include="include\eigen\src\sparselu\SparseLU.h">
      <Filter>Header Files\Libraries</Filter>
    </ClInclude>
    <ClInclude Include="include\eigen\src\sparselu\SparseLU_column_bmod.h">
      <Filter>Header Files\Libraries</Filter>
    </ClInclude>
    <ClInclude Include="include\eigen\src\sparselu\SparseLU_column_dfs.h">
      <Filter>Header Files\Libraries</Filter>
    </ClInclude>
    <ClInclude Include="include\eigen\src\sparselu\SparseLU_copy_to_ucol.h">
      <Filter>Header Files\Libraries</Filter>
    </ClInclude>
    <ClInclude Include="include\eigen\src\sparselu\SparseLU_gemm_kernel.h">
      <Filter>Header Files\Libraries</Filter>
    </ClInclude>
    <ClInclude Include="include\eigen\src\sparselu\SparseLU_heap_relax_snode.h">
      <Filter>Header Files\Libraries</Filter>
    </ClInclude>
    <ClInclude Include="include\eigen\src\sparselu\SparseLU_kernel_bmod.h">
      <Filter>Header Files\Libraries</Filter>
    </ClInclude>
    <ClInclude Include="include\eigen\src\sparselu\SparseLU_Memory.h">
      <Filter>Header Files\Libraries</Filter>
    </ClInclude>
    <ClInclude Include="include\eigen\src\sparselu\SparseLU_panel_bmod.h">
      <Filter>Header Files\Libraries</Filter>
    </ClInclude>
    <ClInclude Include="include\eigen\src\sparselu\SparseLU_panel_dfs.h">
      <Filter>Header Files\Libraries</Filter>
    </ClInclude>
    <ClInclude Include="include\eigen\src\sparselu\SparseLU_pivotL.h">
      <Filter>Header Files\Libraries</Filter>
    </ClInclude>
    <ClInclude Include="include\eigen\src\sparselu\SparseLU_pruneL.h">
      <Filter>Header Files\Libraries</Filter>
    </ClInclude>
    <ClInclude Include="include\eigen\src\sparselu\SparseLU_relax_snode.h">
      <Filter>Header Files\Libraries</Filter>
    </ClInclude>
    <ClInclude Include="include\eigen\src\sparselu\SparseLU_Structs.h">
      <Filter>Header Files\Libraries</Filter>
    </ClInclude>
    <ClInclude Include="include\eigen\src\sparselu\SparseLU_SupernodalMatrix.h">
      <Filter>Header Files\Libraries</Filter>
    </ClInclude>
    <ClInclude Include="include\eigen\src\sparselu\SparseLU_Utils.h">
      <Filter>Header Files\Libraries</Filter>
    </ClInclude>
    <ClInclude Include="include\eigen\src\sparselu\SparseLUImpl.h">
      <Filter>Header Files\Libraries</Filter>
    </ClInclude>
    <ClInclude Include="include\eigen\src\sparsecore\SparseMatrix.h">
      <Filter>Header Files\Libraries</Filter>
    </ClInclude>
    <ClInclude Include="include\eigen\src\sparsecore\SparseMatrixBase.h">
      <Filter>Header Files\Libraries</Filter>
    </ClInclude>
    <ClInclude Include="include\eigen\src\sparsecore\SparsePermutation.h">
      <Filter>Header Files\Libraries</Filter>
    </ClInclude>
    <ClInclude Include="include\eigen\src\sparsecore\SparseProduct.h">
      <Filter>Header Files\Libraries</Filter>
    </ClInclude>
    <ClInclude Include="include\eigen\src\sparseqr\SparseQR.h">
      <Filter>Header Files\Libraries</Filter>
    </ClInclude>
    <ClInclude Include="include\eigen\src\sparsecore\SparseRedux.h">
      <Filter>Header Files\Libraries</Filter>
    </ClInclude>
    <ClInclude Include="include\eigen\src\sparsecore\SparseSelfAdjointView.h">
      <Filter>Header Files\Libraries</Filter>
    </ClInclude>
    <ClInclude Include="include\eigen\src\misc\SparseSolve.h">
      <Filter>Header Files\Libraries</Filter>
    </ClInclude>
    <ClInclude Include="include\eigen\src\sparsecore\SparseSparseProductWithPruning.h">
      <Filter>Header Files\Libraries</Filter>
    </ClInclude>
    <ClInclude Include="include\eigen\src\sparsecore\SparseTranspose.h">
      <Filter>Header Files\Libraries</Filter>
    </ClInclude>
    <ClInclude Include="include\eigen\src\sparsecore\SparseTriangularView.h">
      <Filter>Header Files\Libraries</Filter>
    </ClInclude>
    <ClInclude Include="include\eigen\src\sparsecore\SparseUtil.h">
      <Filter>Header Files\Libraries</Filter>
    </ClInclude>
    <ClInclude Include="include\eigen\src\sparsecore\SparseVector.h">
      <Filter>Header Files\Libraries</Filter>
    </ClInclude>
    <ClInclude Include="include\eigen\src\sparsecore\SparseView.h">
      <Filter>Header Files\Libraries</Filter>
    </ClInclude>
    <ClInclude Include="include\glm\gtx\spline.hpp">
      <Filter>Header Files\Libraries</Filter>
    </ClInclude>
    <ClInclude Include="include\eigen\src\core\StableNorm.h">
      <Filter>Header Files\Libraries</Filter>
    </ClInclude>
    <ClInclude Include="include\eigen\src\core\util\StaticAssert.h">
      <Filter>Header Files\Libraries</Filter>
    </ClInclude>
    <ClInclude Include="include\glm\gtx\std_based_type.hpp">
      <Filter>Header Files\Libraries</Filter>
    </ClInclude>
    <ClInclude Include="include\eigen\src\stlsupport\StdDeque.h">
      <Filter>Header Files\Libraries</Filter>
    </ClInclude>
    <ClInclude Include="include\eigen\src\stlsupport\StdList.h">
      <Filter>Header Files\Libraries</Filter>
    </ClInclude>
    <ClInclude Include="include\eigen\src\stlsupport\StdVector.h">
      <Filter>Header Files\Libraries</Filter>
    </ClInclude>
    <ClInclude Include="include\eigen\src\core\Stride.h">
      <Filter>Header Files\Libraries</Filter>
    </ClInclude>
    <ClInclude Include="include\glm\gtx\string_cast.hpp">
      <Filter>Header Files\Libraries</Filter>
    </ClInclude>
    <ClInclude Include="include\andres\graph\subgraph.hxx">
      <Filter>Header Files\Libraries</Filter>
    </ClInclude>
    <ClInclude Include="include\eigen\src\spqrsupport\SuiteSparseQRSupport.h">
      <Filter>Header Files\Libraries</Filter>
    </ClInclude>
    <ClInclude Include="include\eigen\src\superlusupport\SuperLUSupport.h">
      <Filter>Header Files\Libraries</Filter>
    </ClInclude>
    <ClInclude Include="include\eigen\src\eigen2support\SVD.h">
      <Filter>Header Files\Libraries</Filter>
    </ClInclude>
    <ClInclude Include="include\eigen\src\core\Swap.h">
      <Filter>Header Files\Libraries</Filter>
    </ClInclude>
    <ClInclude Include="include\eigen\src\eigen2support\geometry\Transform.h">
      <Filter>Header Files\Libraries</Filter>
    </ClInclude>
    <ClInclude Include="include\eigen\src\geometry\Transform.h">
      <Filter>Header Files\Libraries</Filter>
    </ClInclude>
    <ClInclude Include="include\glm\gtx\transform.hpp">
      <Filter>Header Files\Libraries</Filter>
    </ClInclude>
    <ClInclude Include="include\glm\gtx\transform2.hpp">
      <Filter>Header Files\Libraries</Filter>
    </ClInclude>
    <ClInclude Include="include\eigen\src\geometry\Translation.h">
      <Filter>Header Files\Libraries</Filter>
    </ClInclude>
    <ClInclude Include="include\eigen\src\eigen2support\geometry\Translation.h">
      <Filter>Header Files\Libraries</Filter>
    </ClInclude>
    <ClInclude Include="include\eigen\src\core\Transpose.h">
      <Filter>Header Files\Libraries</Filter>
    </ClInclude>
    <ClInclude Include="include\eigen\src\core\Transpositions.h">
      <Filter>Header Files\Libraries</Filter>
    </ClInclude>
    <ClInclude Include="include\eigen\src\core\TriangularMatrix.h">
      <Filter>Header Files\Libraries</Filter>
    </ClInclude>
    <ClInclude Include="include\eigen\src\core\products\TriangularMatrixMatrix.h">
      <Filter>Header Files\Libraries</Filter>
    </ClInclude>
    <ClInclude Include="include\eigen\src\core\products\TriangularMatrixMatrix_MKL.h">
      <Filter>Header Files\Libraries</Filter>
    </ClInclude>
    <ClInclude Include="include\eigen\src\core\products\TriangularMatrixVector.h">
      <Filter>Header Files\Libraries</Filter>
    </ClInclude>
    <ClInclude Include="include\eigen\src\core\products\TriangularMatrixVector_MKL.h">
      <Filter>Header Files\Libraries</Filter>
    </ClInclude>
    <ClInclude Include="include\eigen\src\sparsecore\TriangularSolver.h">
      <Filter>Header Files\Libraries</Filter>
    </ClInclude>
    <ClInclude Include="include\eigen\src\eigen2support\TriangularSolver.h">
      <Filter>Header Files\Libraries</Filter>
    </ClInclude>
    <ClInclude Include="include\eigen\src\core\products\TriangularSolverMatrix.h">
      <Filter>Header Files\Libraries</Filter>
    </ClInclude>
    <ClInclude Include="include\eigen\src\core\products\TriangularSolverMatrix_MKL.h">
      <Filter>Header Files\Libraries</Filter>
    </ClInclude>
    <ClInclude Include="include\eigen\src\core\products\TriangularSolverVector.h">
      <Filter>Header Files\Libraries</Filter>
    </ClInclude>
    <ClInclude Include="include\eigen\src\eigenvalues\Tridiagonalization.h">
      <Filter>Header Files\Libraries</Filter>
    </ClInclude>
    <ClInclude Include="include\glm\trigonometric.hpp">
      <Filter>Header Files\Libraries</Filter>
    </ClInclude>
    <ClInclude Include="include\cornucopia\TwoCurveCombine.h">
      <Filter>Header Files\Libraries</Filter>
    </ClInclude>
    <ClInclude Include="include\glm\detail\type_float.hpp">
      <Filter>Header Files\Libraries</Filter>
    </ClInclude>
    <ClInclude Include="include\glm\detail\type_gentype.hpp">
      <Filter>Header Files\Libraries</Filter>
    </ClInclude>
    <ClInclude Include="include\glm\detail\type_half.hpp">
      <Filter>Header Files\Libraries</Filter>
    </ClInclude>
    <ClInclude Include="include\glm\detail\type_int.hpp">
      <Filter>Header Files\Libraries</Filter>
    </ClInclude>
    <ClInclude Include="include\glm\detail\type_mat.hpp">
      <Filter>Header Files\Libraries</Filter>
    </ClInclude>
    <ClInclude Include="include\glm\detail\type_mat2x2.hpp">
      <Filter>Header Files\Libraries</Filter>
    </ClInclude>
    <ClInclude Include="include\glm\detail\type_mat2x3.hpp">
      <Filter>Header Files\Libraries</Filter>
    </ClInclude>
    <ClInclude Include="include\glm\detail\type_mat2x4.hpp">
      <Filter>Header Files\Libraries</Filter>
    </ClInclude>
    <ClInclude Include="include\glm\detail\type_mat3x2.hpp">
      <Filter>Header Files\Libraries</Filter>
    </ClInclude>
    <ClInclude Include="include\glm\detail\type_mat3x3.hpp">
      <Filter>Header Files\Libraries</Filter>
    </ClInclude>
    <ClInclude Include="include\glm\detail\type_mat3x4.hpp">
      <Filter>Header Files\Libraries</Filter>
    </ClInclude>
    <ClInclude Include="include\glm\detail\type_mat4x2.hpp">
      <Filter>Header Files\Libraries</Filter>
    </ClInclude>
    <ClInclude Include="include\glm\detail\type_mat4x3.hpp">
      <Filter>Header Files\Libraries</Filter>
    </ClInclude>
    <ClInclude Include="include\glm\detail\type_mat4x4.hpp">
      <Filter>Header Files\Libraries</Filter>
    </ClInclude>
    <ClInclude Include="include\glm\gtc\type_precision.hpp">
      <Filter>Header Files\Libraries</Filter>
    </ClInclude>
    <ClInclude Include="include\glm\gtc\type_ptr.hpp">
      <Filter>Header Files\Libraries</Filter>
    </ClInclude>
    <ClInclude Include="include\glm\detail\type_vec.hpp">
      <Filter>Header Files\Libraries</Filter>
    </ClInclude>
    <ClInclude Include="include\glm\detail\type_vec1.hpp">
      <Filter>Header Files\Libraries</Filter>
    </ClInclude>
    <ClInclude Include="include\glm\detail\type_vec2.hpp">
      <Filter>Header Files\Libraries</Filter>
    </ClInclude>
    <ClInclude Include="include\glm\detail\type_vec3.hpp">
      <Filter>Header Files\Libraries</Filter>
    </ClInclude>
    <ClInclude Include="include\glm\detail\type_vec4.hpp">
      <Filter>Header Files\Libraries</Filter>
    </ClInclude>
    <ClInclude Include="include\glm\gtx\ulp.hpp">
      <Filter>Header Files\Libraries</Filter>
    </ClInclude>
    <ClInclude Include="include\glm\gtc\ulp.hpp">
      <Filter>Header Files\Libraries</Filter>
    </ClInclude>
    <ClInclude Include="include\eigen\src\geometry\Umeyama.h">
      <Filter>Header Files\Libraries</Filter>
    </ClInclude>
    <ClInclude Include="include\eigen\src\umfpacksupport\UmfPackSupport.h">
      <Filter>Header Files\Libraries</Filter>
    </ClInclude>
    <ClInclude Include="include\glm\gtx\unsigned_int.hpp">
      <Filter>Header Files\Libraries</Filter>
    </ClInclude>
    <ClInclude Include="include\eigen\src\svd\UpperBidiagonalization.h">
      <Filter>Header Files\Libraries</Filter>
    </ClInclude>
    <ClInclude Include="include\glm\gtx\vec1.hpp">
      <Filter>Header Files\Libraries</Filter>
    </ClInclude>
    <ClInclude Include="include\glm\vec2.hpp">
      <Filter>Header Files\Libraries</Filter>
    </ClInclude>
    <ClInclude Include="include\glm\vec3.hpp">
      <Filter>Header Files\Libraries</Filter>
    </ClInclude>
    <ClInclude Include="include\glm\vec4.hpp">
      <Filter>Header Files\Libraries</Filter>
    </ClInclude>
    <ClInclude Include="include\glm\gtx\vector_angle.hpp">
      <Filter>Header Files\Libraries</Filter>
    </ClInclude>
    <ClInclude Include="include\glm\gtx\vector_query.hpp">
      <Filter>Header Files\Libraries</Filter>
    </ClInclude>
    <ClInclude Include="include\glm\vector_relational.hpp">
      <Filter>Header Files\Libraries</Filter>
    </ClInclude>
    <ClInclude Include="include\eigen\src\eigen2support\VectorBlock.h">
      <Filter>Header Files\Libraries</Filter>
    </ClInclude>
    <ClInclude Include="include\eigen\src\core\VectorBlock.h">
      <Filter>Header Files\Libraries</Filter>
    </ClInclude>
    <ClInclude Include="include\cornucopia\VectorC.h">
      <Filter>Header Files\Libraries</Filter>
    </ClInclude>
    <ClInclude Include="include\eigen\src\core\VectorwiseOp.h">
      <Filter>Header Files\Libraries</Filter>
    </ClInclude>
    <ClInclude Include="include\eigen\src\core\Visitor.h">
      <Filter>Header Files\Libraries</Filter>
    </ClInclude>
    <ClInclude Include="include\andres\graph\visitor.hxx">
      <Filter>Header Files\Libraries</Filter>
    </ClInclude>
    <ClInclude Include="include\gl\wglew.h">
      <Filter>Header Files\Libraries</Filter>
    </ClInclude>
    <ClInclude Include="include\glm\gtx\wrap.hpp">
      <Filter>Header Files\Libraries</Filter>
    </ClInclude>
    <ClInclude Include="include\eigen\src\core\util\XprHelper.h">
      <Filter>Header Files\Libraries</Filter>
    </ClInclude>
    <ClInclude Include="include\glm\virtrev\xstream.hpp">
      <Filter>Header Files\Libraries</Filter>
    </ClInclude>
    <ClInclude Include="include\glm\gtx\constants.hpp">
      <Filter>Header Files\Libraries</Filter>
    </ClInclude>
    <ClInclude Include="include\glm\gtc\constants.hpp">
      <Filter>Header Files\Libraries</Filter>
    </ClInclude>
    <ClInclude Include="stroke_cluster\SketchInfo.h">
      <Filter>Header Files</Filter>
    </ClInclude>
    <ClInclude Include="stroke_cluster\Cluster.h">
      <Filter>Header Files</Filter>
    </ClInclude>
    <ClInclude Include="stroke_cluster\StrokeOrientation.h">
      <Filter>Header Files</Filter>
    </ClInclude>
    <ClInclude Include="stroke_cluster\SvgUtils.h">
      <Filter>Header Files</Filter>
    </ClInclude>
    <ClInclude Include="C:\gurobi900\win64\include\gurobi_c++.h">
      <Filter>Header Files\Libraries</Filter>
    </ClInclude>
    <ClInclude Include="C:\gurobi900\win64\include\gurobi_c.h">
      <Filter>Header Files\Libraries</Filter>
    </ClInclude>
    <ClInclude Include="stroke_cluster\Utils.h">
      <Filter>Header Files</Filter>
    </ClInclude>
    <ClInclude Include="stroke_cluster\Parameterization.h">
      <Filter>Header Files</Filter>
    </ClInclude>
    <ClInclude Include="stroke_cluster\Context.h">
      <Filter>Header Files</Filter>
    </ClInclude>
  </ItemGroup>
  <ItemGroup>
    <None Include="include\glm\gtx\associated_min_max.inl">
      <Filter>Header Files\Libraries</Filter>
    </None>
    <None Include="include\glm\gtx\bit.inl">
      <Filter>Header Files\Libraries</Filter>
    </None>
    <None Include="include\glm\gtx\closest_point.inl">
      <Filter>Header Files\Libraries</Filter>
    </None>
    <None Include="include\glm\gtx\color_space.inl">
      <Filter>Header Files\Libraries</Filter>
    </None>
    <None Include="include\glm\gtx\color_space_YCoCg.inl">
      <Filter>Header Files\Libraries</Filter>
    </None>
    <None Include="include\glm\gtx\compatibility.inl">
      <Filter>Header Files\Libraries</Filter>
    </None>
    <None Include="include\glm\gtx\component_wise.inl">
      <Filter>Header Files\Libraries</Filter>
    </None>
    <None Include="include\glm\gtc\constants.inl">
      <Filter>Header Files\Libraries</Filter>
    </None>
    <None Include="include\glm\gtx\dual_quaternion.inl">
      <Filter>Header Files\Libraries</Filter>
    </None>
    <None Include="include\glm\gtc\epsilon.inl">
      <Filter>Header Files\Libraries</Filter>
    </None>
    <None Include="include\glm\gtx\euler_angles.inl">
      <Filter>Header Files\Libraries</Filter>
    </None>
    <None Include="include\glm\gtx\extend.inl">
      <Filter>Header Files\Libraries</Filter>
    </None>
    <None Include="include\glm\gtx\extented_min_max.inl">
      <Filter>Header Files\Libraries</Filter>
    </None>
    <None Include="include\glm\gtx\fast_exponential.inl">
      <Filter>Header Files\Libraries</Filter>
    </None>
    <None Include="include\glm\gtx\fast_square_root.inl">
      <Filter>Header Files\Libraries</Filter>
    </None>
    <None Include="include\glm\gtx\fast_trigonometry.inl">
      <Filter>Header Files\Libraries</Filter>
    </None>
    <None Include="include\glm\detail\func_common.inl">
      <Filter>Header Files\Libraries</Filter>
    </None>
    <None Include="include\glm\detail\func_exponential.inl">
      <Filter>Header Files\Libraries</Filter>
    </None>
    <None Include="include\glm\detail\func_geometric.inl">
      <Filter>Header Files\Libraries</Filter>
    </None>
    <None Include="include\glm\detail\func_integer.inl">
      <Filter>Header Files\Libraries</Filter>
    </None>
    <None Include="include\glm\detail\func_matrix.inl">
      <Filter>Header Files\Libraries</Filter>
    </None>
    <None Include="include\glm\detail\func_noise.inl">
      <Filter>Header Files\Libraries</Filter>
    </None>
    <None Include="include\glm\detail\func_packing.inl">
      <Filter>Header Files\Libraries</Filter>
    </None>
    <None Include="include\glm\detail\func_trigonometric.inl">
      <Filter>Header Files\Libraries</Filter>
    </None>
    <None Include="include\glm\detail\func_vector_relational.inl">
      <Filter>Header Files\Libraries</Filter>
    </None>
    <None Include="include\glm\gtx\gradient_paint.inl">
      <Filter>Header Files\Libraries</Filter>
    </None>
    <None Include="include\glm\gtx\handed_coordinate_space.inl">
      <Filter>Header Files\Libraries</Filter>
    </None>
    <None Include="include\glm\gtx\inertia.inl">
      <Filter>Header Files\Libraries</Filter>
    </None>
    <None Include="include\glm\gtx\int_10_10_10_2.inl">
      <Filter>Header Files\Libraries</Filter>
    </None>
    <None Include="include\glm\gtx\integer.inl">
      <Filter>Header Files\Libraries</Filter>
    </None>
    <None Include="include\glm\gtx\intersect.inl">
      <Filter>Header Files\Libraries</Filter>
    </None>
    <None Include="include\glm\detail\intrinsic_common.inl">
      <Filter>Header Files\Libraries</Filter>
    </None>
    <None Include="include\glm\detail\intrinsic_exponential.inl">
      <Filter>Header Files\Libraries</Filter>
    </None>
    <None Include="include\glm\detail\intrinsic_geometric.inl">
      <Filter>Header Files\Libraries</Filter>
    </None>
    <None Include="include\glm\detail\intrinsic_integer.inl">
      <Filter>Header Files\Libraries</Filter>
    </None>
    <None Include="include\glm\detail\intrinsic_matrix.inl">
      <Filter>Header Files\Libraries</Filter>
    </None>
    <None Include="include\glm\detail\intrinsic_trigonometric.inl">
      <Filter>Header Files\Libraries</Filter>
    </None>
    <None Include="include\glm\detail\intrinsic_vector_relational.inl">
      <Filter>Header Files\Libraries</Filter>
    </None>
    <None Include="include\glm\gtx\io.inl">
      <Filter>Header Files\Libraries</Filter>
    </None>
    <None Include="include\glm\gtx\log_base.inl">
      <Filter>Header Files\Libraries</Filter>
    </None>
    <None Include="include\glm\gtc\matrix_access.inl">
      <Filter>Header Files\Libraries</Filter>
    </None>
    <None Include="include\glm\gtx\matrix_cross_product.inl">
      <Filter>Header Files\Libraries</Filter>
    </None>
    <None Include="include\glm\gtx\matrix_interpolation.inl">
      <Filter>Header Files\Libraries</Filter>
    </None>
    <None Include="include\glm\gtc\matrix_inverse.inl">
      <Filter>Header Files\Libraries</Filter>
    </None>
    <None Include="include\glm\gtx\matrix_major_storage.inl">
      <Filter>Header Files\Libraries</Filter>
    </None>
    <None Include="include\glm\gtx\matrix_operation.inl">
      <Filter>Header Files\Libraries</Filter>
    </None>
    <None Include="include\glm\gtx\matrix_query.inl">
      <Filter>Header Files\Libraries</Filter>
    </None>
    <None Include="include\glm\gtc\matrix_transform.inl">
      <Filter>Header Files\Libraries</Filter>
    </None>
    <None Include="include\glm\gtx\matrix_transform_2d.inl">
      <Filter>Header Files\Libraries</Filter>
    </None>
    <None Include="include\glm\gtx\mixed_product.inl">
      <Filter>Header Files\Libraries</Filter>
    </None>
    <None Include="include\glm\gtx\multiple.inl">
      <Filter>Header Files\Libraries</Filter>
    </None>
    <None Include="include\glm\gtc\noise.inl">
      <Filter>Header Files\Libraries</Filter>
    </None>
    <None Include="include\glm\gtx\norm.inl">
      <Filter>Header Files\Libraries</Filter>
    </None>
    <None Include="include\glm\gtx\normal.inl">
      <Filter>Header Files\Libraries</Filter>
    </None>
    <None Include="include\glm\gtx\normalize_dot.inl">
      <Filter>Header Files\Libraries</Filter>
    </None>
    <None Include="include\glm\gtx\number_precision.inl">
      <Filter>Header Files\Libraries</Filter>
    </None>
    <None Include="include\glm\gtx\optimum_pow.inl">
      <Filter>Header Files\Libraries</Filter>
    </None>
    <None Include="include\glm\gtx\orthonormalize.inl">
      <Filter>Header Files\Libraries</Filter>
    </None>
    <None Include="include\glm\gtc\packing.inl">
      <Filter>Header Files\Libraries</Filter>
    </None>
    <None Include="include\glm\gtx\perpendicular.inl">
      <Filter>Header Files\Libraries</Filter>
    </None>
    <None Include="include\glm\gtx\polar_coordinates.inl">
      <Filter>Header Files\Libraries</Filter>
    </None>
    <None Include="include\glm\detail\precision.inl">
      <Filter>Header Files\Libraries</Filter>
    </None>
    <None Include="include\glm\gtx\projection.inl">
      <Filter>Header Files\Libraries</Filter>
    </None>
    <None Include="include\glm\gtx\quaternion.inl">
      <Filter>Header Files\Libraries</Filter>
    </None>
    <None Include="include\glm\gtc\quaternion.inl">
      <Filter>Header Files\Libraries</Filter>
    </None>
    <None Include="include\glm\gtc\random.inl">
      <Filter>Header Files\Libraries</Filter>
    </None>
    <None Include="include\glm\gtx\raw_data.inl">
      <Filter>Header Files\Libraries</Filter>
    </None>
    <None Include="include\glm\gtc\reciprocal.inl">
      <Filter>Header Files\Libraries</Filter>
    </None>
    <None Include="include\glm\gtx\rotate_normalized_axis.inl">
      <Filter>Header Files\Libraries</Filter>
    </None>
    <None Include="include\glm\gtx\rotate_vector.inl">
      <Filter>Header Files\Libraries</Filter>
    </None>
    <None Include="include\glm\gtx\scalar_relational.inl">
      <Filter>Header Files\Libraries</Filter>
    </None>
    <None Include="include\glm\gtx\simd_mat4.inl">
      <Filter>Header Files\Libraries</Filter>
    </None>
    <None Include="include\glm\gtx\simd_quat.inl">
      <Filter>Header Files\Libraries</Filter>
    </None>
    <None Include="include\glm\gtx\simd_vec4.inl">
      <Filter>Header Files\Libraries</Filter>
    </None>
    <None Include="include\glm\gtx\spline.inl">
      <Filter>Header Files\Libraries</Filter>
    </None>
    <None Include="include\glm\gtx\std_based_type.inl">
      <Filter>Header Files\Libraries</Filter>
    </None>
    <None Include="include\glm\gtx\string_cast.inl">
      <Filter>Header Files\Libraries</Filter>
    </None>
    <None Include="include\glm\gtx\transform.inl">
      <Filter>Header Files\Libraries</Filter>
    </None>
    <None Include="include\glm\gtx\transform2.inl">
      <Filter>Header Files\Libraries</Filter>
    </None>
    <None Include="include\glm\detail\type_gentype.inl">
      <Filter>Header Files\Libraries</Filter>
    </None>
    <None Include="include\glm\detail\type_half.inl">
      <Filter>Header Files\Libraries</Filter>
    </None>
    <None Include="include\glm\detail\type_mat.inl">
      <Filter>Header Files\Libraries</Filter>
    </None>
    <None Include="include\glm\detail\type_mat2x2.inl">
      <Filter>Header Files\Libraries</Filter>
    </None>
    <None Include="include\glm\detail\type_mat2x3.inl">
      <Filter>Header Files\Libraries</Filter>
    </None>
    <None Include="include\glm\detail\type_mat2x4.inl">
      <Filter>Header Files\Libraries</Filter>
    </None>
    <None Include="include\glm\detail\type_mat3x2.inl">
      <Filter>Header Files\Libraries</Filter>
    </None>
    <None Include="include\glm\detail\type_mat3x3.inl">
      <Filter>Header Files\Libraries</Filter>
    </None>
    <None Include="include\glm\detail\type_mat3x4.inl">
      <Filter>Header Files\Libraries</Filter>
    </None>
    <None Include="include\glm\detail\type_mat4x2.inl">
      <Filter>Header Files\Libraries</Filter>
    </None>
    <None Include="include\glm\detail\type_mat4x3.inl">
      <Filter>Header Files\Libraries</Filter>
    </None>
    <None Include="include\glm\detail\type_mat4x4.inl">
      <Filter>Header Files\Libraries</Filter>
    </None>
    <None Include="include\glm\gtc\type_precision.inl">
      <Filter>Header Files\Libraries</Filter>
    </None>
    <None Include="include\glm\gtc\type_ptr.inl">
      <Filter>Header Files\Libraries</Filter>
    </None>
    <None Include="include\glm\detail\type_vec.inl">
      <Filter>Header Files\Libraries</Filter>
    </None>
    <None Include="include\glm\detail\type_vec1.inl">
      <Filter>Header Files\Libraries</Filter>
    </None>
    <None Include="include\glm\detail\type_vec2.inl">
      <Filter>Header Files\Libraries</Filter>
    </None>
    <None Include="include\glm\detail\type_vec3.inl">
      <Filter>Header Files\Libraries</Filter>
    </None>
    <None Include="include\glm\detail\type_vec4.inl">
      <Filter>Header Files\Libraries</Filter>
    </None>
    <None Include="include\glm\gtc\ulp.inl">
      <Filter>Header Files\Libraries</Filter>
    </None>
    <None Include="include\glm\gtx\unsigned_int.inl">
      <Filter>Header Files\Libraries</Filter>
    </None>
    <None Include="include\glm\gtx\vec1.inl">
      <Filter>Header Files\Libraries</Filter>
    </None>
    <None Include="include\glm\gtx\vector_angle.inl">
      <Filter>Header Files\Libraries</Filter>
    </None>
    <None Include="include\glm\gtx\vector_query.inl">
      <Filter>Header Files\Libraries</Filter>
    </None>
    <None Include="include\glm\gtx\wrap.inl">
      <Filter>Header Files\Libraries</Filter>
    </None>
  </ItemGroup>
</Project>